dependencies:
  espressif/led_strip:
    component_hash: ed1d5c6113fa545e20c7be17e6e7c09d43b18fcb43068e2b2b27a412de6a405a
    source:
      service_url: https://api.components.espressif.com/
      type: service
    version: 2.5.2
  idf:
    component_hash: null
    source:
      type: idf
    version: 5.1.2
manifest_hash: b8c11e84cac871718ff8df1e6db11f65dd1976a3d5f026947beee98abc45b214
target: esp32
version: 1.0.0
